
Microsoft Visual Studio Solution File, Format Version 12.00
# Visual Studio 15
VisualStudioVersion = 15.0.28307.421
MinimumVisualStudioVersion = 10.0.40219.1
Project("{2150E333-8FDC-42A3-9474-1A3956D46DE8}") = "1.Introducing a New, Lighter Weight Version of EF", "1.Introducing a New, Lighter Weight Version of EF", "{7777743F-6DC8-4897-ABBF-48728EBFF117}"
EndProject
Project("{9A19103F-16F7-4668-BE54-9A1E7A4F7556}") = "SupportedQueries", "Introducing a New, Lighter Weight Version of EF\SupportedQueries\SupportedQueries.csproj", "{4F3C194C-A6E0-47EA-80E9-901C822D825B}"
EndProject
Project("{9A19103F-16F7-4668-BE54-9A1E7A4F7556}") = "UnsupportedQueries", "Introducing a New, Lighter Weight Version of EF\UnsupportedQueries\UnsupportedQueries.csproj", "{BE691277-9D85-4E94-A96F-0C2CE6CBEC51}"
EndProject
Global
	GlobalSection(SolutionConfigurationPlatforms) = preSolution
		Debug|Any CPU = Debug|Any CPU
		Release|Any CPU = Release|Any CPU
	EndGlobalSection
	GlobalSection(ProjectConfigurationPlatforms) = postSolution
		{4F3C194C-A6E0-47EA-80E9-901C822D825B}.Debug|Any CPU.ActiveCfg = Debug|Any CPU
		{4F3C194C-A6E0-47EA-80E9-901C822D825B}.Debug|Any CPU.Build.0 = Debug|Any CPU
		{4F3C194C-A6E0-47EA-80E9-901C822D825B}.Release|Any CPU.ActiveCfg = Release|Any CPU
		{4F3C194C-A6E0-47EA-80E9-901C822D825B}.Release|Any CPU.Build.0 = Release|Any CPU
		{BE691277-9D85-4E94-A96F-0C2CE6CBEC51}.Debug|Any CPU.ActiveCfg = Debug|Any CPU
		{BE691277-9D85-4E94-A96F-0C2CE6CBEC51}.Debug|Any CPU.Build.0 = Debug|Any CPU
		{BE691277-9D85-4E94-A96F-0C2CE6CBEC51}.Release|Any CPU.ActiveCfg = Release|Any CPU
		{BE691277-9D85-4E94-A96F-0C2CE6CBEC51}.Release|Any CPU.Build.0 = Release|Any CPU
	EndGlobalSection
	GlobalSection(SolutionProperties) = preSolution
		HideSolutionNode = FALSE
	EndGlobalSection
	GlobalSection(NestedProjects) = preSolution
		{4F3C194C-A6E0-47EA-80E9-901C822D825B} = {7777743F-6DC8-4897-ABBF-48728EBFF117}
		{BE691277-9D85-4E94-A96F-0C2CE6CBEC51} = {7777743F-6DC8-4897-ABBF-48728EBFF117}
	EndGlobalSection
	GlobalSection(ExtensibilityGlobals) = postSolution
		SolutionGuid = {4F62CAD1-060E-42A3-A3C2-099040C33D5F}
	EndGlobalSection
EndGlobal
