
Microsoft Visual Studio Solution File, Format Version 12.00
# Visual Studio 15
VisualStudioVersion = 15.0.28307.271
MinimumVisualStudioVersion = 10.0.40219.1
Project("{2150E333-8FDC-42A3-9474-1A3956D46DE8}") = "1.New, Lightweight Version of EF", "1.New, Lightweight Version of EF", "{8CF0A971-3562-48CD-BF6E-F6D9731E4D41}"
EndProject
Project("{FAE04EC0-301F-11D3-BF4B-00C04F79EFBC}") = "SamuraiApp.Data", "New, Lightweight Version of EF\SamuraiApp.Data\SamuraiApp.Data.csproj", "{730E6046-1617-4E43-B27E-330ADFA43594}"
EndProject
Project("{FAE04EC0-301F-11D3-BF4B-00C04F79EFBC}") = "SamuraiApp.Domain", "New, Lightweight Version of EF\SamuraiApp.Domain\SamuraiApp.Domain.csproj", "{39DFD55F-34E9-4692-82AC-B92049244745}"
EndProject
Project("{2150E333-8FDC-42A3-9474-1A3956D46DE8}") = "2.Creating a Data Model", "2.Creating a Data Model", "{9C30D684-9A9C-4945-9C42-D95AAA58A4B5}"
EndProject
Project("{FAE04EC0-301F-11D3-BF4B-00C04F79EFBC}") = "SamuraiApp.Data", "Creating a Data Model\SamuraiApp.Data\SamuraiApp.Data.csproj", "{46482135-3924-4DB1-BFF3-5A248FDDA18C}"
EndProject
Project("{FAE04EC0-301F-11D3-BF4B-00C04F79EFBC}") = "SamuraiApp.Domain", "Creating a Data Model\SamuraiApp.Domain\SamuraiApp.Domain.csproj", "{F3BE4968-259F-42E4-A312-59EA097A720C}"
EndProject
Project("{2150E333-8FDC-42A3-9474-1A3956D46DE8}") = "3.Exploring Mappings and Migrations", "3.Exploring Mappings and Migrations", "{584E6D57-D27D-4D76-8F07-03DA1DF559EB}"
EndProject
Project("{FAE04EC0-301F-11D3-BF4B-00C04F79EFBC}") = "SamuraiApp.Data", "Exploring Mappings and Migrations\SamuraiApp.Data\SamuraiApp.Data.csproj", "{4020282D-064B-4C74-9883-122F099076DF}"
EndProject
Project("{FAE04EC0-301F-11D3-BF4B-00C04F79EFBC}") = "SamuraiApp.Domain", "Exploring Mappings and Migrations\SamuraiApp.Domain\SamuraiApp.Domain.csproj", "{593B16D7-E237-4AC9-9301-B1CD4CC2753D}"
EndProject
Project("{FAE04EC0-301F-11D3-BF4B-00C04F79EFBC}") = "SomeUI", "Exploring Mappings and Migrations\SomeUI\SomeUI.csproj", "{4FB92704-0476-4987-AB31-CDC9790FB26E}"
EndProject
Project("{2150E333-8FDC-42A3-9474-1A3956D46DE8}") = "4.Interacting with Your EF Core Model", "4.Interacting with Your EF Core Model", "{476EC483-CDF6-48CA-9CC2-7C0B5AD8481C}"
EndProject
Project("{FAE04EC0-301F-11D3-BF4B-00C04F79EFBC}") = "SamuraiApp.Data", "Interacting with Your EF Core Model\SamuraiApp.Data\SamuraiApp.Data.csproj", "{6BF680CE-2D6A-49D5-BD4F-1011EECD730E}"
EndProject
Project("{FAE04EC0-301F-11D3-BF4B-00C04F79EFBC}") = "SamuraiApp.Domain", "Interacting with Your EF Core Model\SamuraiApp.Domain\SamuraiApp.Domain.csproj", "{ABB04D7D-71E6-4D5A-A20C-8C918C315D4E}"
EndProject
Project("{FAE04EC0-301F-11D3-BF4B-00C04F79EFBC}") = "SomeUI", "Interacting with Your EF Core Model\SomeUI\SomeUI.csproj", "{F66B9A03-4892-4E38-BAF3-93C1657A5032}"
EndProject
Project("{2150E333-8FDC-42A3-9474-1A3956D46DE8}") = "5.Querying and Saving Related Data", "5.Querying and Saving Related Data", "{5EA34267-10F7-4F30-B685-C6560D84511B}"
EndProject
Project("{2150E333-8FDC-42A3-9474-1A3956D46DE8}") = "SamuraiApp", "SamuraiApp", "{66A6DB00-07DD-4070-8D2B-C5CDD37FF0BE}"
EndProject
Project("{FAE04EC0-301F-11D3-BF4B-00C04F79EFBC}") = "SamuraiApp.Data", "Querying and Saving Related Data\SamuraiApp\SamuraiApp.Data\SamuraiApp.Data.csproj", "{B5A4D179-8B84-4313-9BF9-E49B5C461C96}"
EndProject
Project("{FAE04EC0-301F-11D3-BF4B-00C04F79EFBC}") = "SamuraiApp.Domain", "Querying and Saving Related Data\SamuraiApp\SamuraiApp.Domain\SamuraiApp.Domain.csproj", "{EC816F0C-2F30-4744-8B84-D311DF7A1051}"
EndProject
Project("{FAE04EC0-301F-11D3-BF4B-00C04F79EFBC}") = "SomeUI", "Querying and Saving Related Data\SamuraiApp\SomeUI\SomeUI.csproj", "{8F27AB82-79D8-4487-A29A-89D7B1C48994}"
EndProject
Project("{2150E333-8FDC-42A3-9474-1A3956D46DE8}") = "EFCoreUWP", "EFCoreUWP", "{0F0BB06B-64B3-4733-AE89-AEC7E6CE4C86}"
EndProject
Project("{FAE04EC0-301F-11D3-BF4B-00C04F79EFBC}") = "EFCoreUWP", "Querying and Saving Related Data\EFCoreUWP\EFCoreUWP.csproj", "{A53B1AC1-02C1-4474-997D-F68BD1931578}"
EndProject
Project("{2150E333-8FDC-42A3-9474-1A3956D46DE8}") = "6.Using EF Core in Client Applications", "6.Using EF Core in Client Applications", "{CBF56B38-1647-4990-8DE8-D81C6E442136}"
EndProject
Project("{9A19103F-16F7-4668-BE54-9A1E7A4F7556}") = "SamuraiAppCore.Data", "Using EF Core in Client Applications\SamuraiAppCore.Data\SamuraiAppCore.Data.csproj", "{770092F2-FE6F-4A7E-A4EC-A230825AEC86}"
EndProject
Project("{9A19103F-16F7-4668-BE54-9A1E7A4F7556}") = "SamuraiAppCore.Domain", "Using EF Core in Client Applications\SamuraiAppCore.Domain\SamuraiAppCore.Domain.csproj", "{4D0F44E3-97A1-4395-8004-9DB52822F32D}"
EndProject
Project("{9A19103F-16F7-4668-BE54-9A1E7A4F7556}") = "CoreUI", "Using EF Core in Client Applications\CoreUI\CoreUI.csproj", "{EB68C469-423F-4793-A5D2-3ED6EE7D36FB}"
EndProject
Project("{2150E333-8FDC-42A3-9474-1A3956D46DE8}") = "7.Using EF Core with ASP.NET Core", "7.Using EF Core with ASP.NET Core", "{7B5EAB55-E61D-4477-937F-74F2445BA531}"
EndProject
Project("{2150E333-8FDC-42A3-9474-1A3956D46DE8}") = "ASP.NET Core", "ASP.NET Core", "{AB6E21CB-F75B-4351-9034-7AB656060FFE}"
EndProject
Project("{9A19103F-16F7-4668-BE54-9A1E7A4F7556}") = "SamuraiAppCore.Data", "Using EF Core with ASP.NET Core\ASP.NET Core\SamuraiAppCore.Data\SamuraiAppCore.Data.csproj", "{6EE14356-B03C-48E7-AB12-A87EA0E04B00}"
EndProject
Project("{9A19103F-16F7-4668-BE54-9A1E7A4F7556}") = "SamuraiAppCore.Domain", "Using EF Core with ASP.NET Core\ASP.NET Core\SamuraiAppCore.Domain\SamuraiAppCore.Domain.csproj", "{74E3D5C9-CAB9-4725-BAE6-4AEAA37A22D1}"
EndProject
Project("{9A19103F-16F7-4668-BE54-9A1E7A4F7556}") = "SamuraiWebApi", "Using EF Core with ASP.NET Core\ASP.NET Core\SamuraiWebApi\SamuraiWebApi.csproj", "{EE206936-632A-4928-98DB-4B0254D95A37}"
EndProject
Project("{9A19103F-16F7-4668-BE54-9A1E7A4F7556}") = "SamuraiTests", "Using EF Core with ASP.NET Core\ASP.NET Core\SamuraiTests\SamuraiTests.csproj", "{3B68E0FA-4536-4817-A2FD-37469664916A}"
EndProject
Project("{2150E333-8FDC-42A3-9474-1A3956D46DE8}") = "Core WPF", "Core WPF", "{22B9EF1D-4763-42B0-BE07-70250F9C3E6C}"
EndProject
Project("{FAE04EC0-301F-11D3-BF4B-00C04F79EFBC}") = "SamuraiApp.Data", "Using EF Core with ASP.NET Core\Core WPF\SamuraiApp.Data\SamuraiApp.Data.csproj", "{AD38BDB1-6F6E-4186-AF80-AF70DBA473F0}"
EndProject
Project("{FAE04EC0-301F-11D3-BF4B-00C04F79EFBC}") = "SamuraiApp.Domain", "Using EF Core with ASP.NET Core\Core WPF\SamuraiApp.Domain\SamuraiApp.Domain.csproj", "{12DA759B-2E2E-434D-AFD9-F9F9DF2F3D3E}"
EndProject
Project("{FAE04EC0-301F-11D3-BF4B-00C04F79EFBC}") = "SamuraiWpf", "Using EF Core with ASP.NET Core\Core WPF\SamuraiWpf\SamuraiWpf.csproj", "{E8A6A680-8323-474C-BB60-14902785DD73}"
EndProject
Project("{FAE04EC0-301F-11D3-BF4B-00C04F79EFBC}") = "UnitTestProject", "Using EF Core with ASP.NET Core\Core WPF\UnitTestProject\UnitTestProject.csproj", "{66E9761D-0F92-4870-869E-888D1934CEDD}"
EndProject
Project("{2150E333-8FDC-42A3-9474-1A3956D46DE8}") = "8.Simplified Testing in Memory Provider", "8.Simplified Testing in Memory Provider", "{E2B78C60-3E4C-4E44-8CBD-ABB25DB9C0B1}"
EndProject
Project("{9A19103F-16F7-4668-BE54-9A1E7A4F7556}") = "SamuraiAppCore.Data", "Simplified Testing in Memory Provider\SamuraiAppCore.Data\SamuraiAppCore.Data.csproj", "{21F5C1A0-35DF-4A57-89D9-0645533B477D}"
EndProject
Project("{9A19103F-16F7-4668-BE54-9A1E7A4F7556}") = "SamuraiAppCore.Domain", "Simplified Testing in Memory Provider\Samurai.Domain\SamuraiAppCore.Domain.csproj", "{063483CB-99FD-4AD0-9CB6-F81264697B9E}"
EndProject
Project("{9A19103F-16F7-4668-BE54-9A1E7A4F7556}") = "WebApplication", "Simplified Testing in Memory Provider\WebApplication\WebApplication.csproj", "{08746E8F-9D01-4A2A-ACCC-974702A40E7B}"
EndProject
Project("{9A19103F-16F7-4668-BE54-9A1E7A4F7556}") = "UnitTestProject", "Simplified Testing in Memory Provider\UnitTestProject\UnitTestProject.csproj", "{BABF2E73-18DB-4B10-A3E5-31791B5FA87E}"
EndProject
Global
	GlobalSection(SolutionConfigurationPlatforms) = preSolution
		Debug|Any CPU = Debug|Any CPU
		Debug|ARM = Debug|ARM
		Debug|x64 = Debug|x64
		Debug|x86 = Debug|x86
		Release|Any CPU = Release|Any CPU
		Release|ARM = Release|ARM
		Release|x64 = Release|x64
		Release|x86 = Release|x86
	EndGlobalSection
	GlobalSection(ProjectConfigurationPlatforms) = postSolution
		{730E6046-1617-4E43-B27E-330ADFA43594}.Debug|Any CPU.ActiveCfg = Debug|Any CPU
		{730E6046-1617-4E43-B27E-330ADFA43594}.Debug|Any CPU.Build.0 = Debug|Any CPU
		{730E6046-1617-4E43-B27E-330ADFA43594}.Debug|ARM.ActiveCfg = Debug|Any CPU
		{730E6046-1617-4E43-B27E-330ADFA43594}.Debug|ARM.Build.0 = Debug|Any CPU
		{730E6046-1617-4E43-B27E-330ADFA43594}.Debug|x64.ActiveCfg = Debug|Any CPU
		{730E6046-1617-4E43-B27E-330ADFA43594}.Debug|x64.Build.0 = Debug|Any CPU
		{730E6046-1617-4E43-B27E-330ADFA43594}.Debug|x86.ActiveCfg = Debug|Any CPU
		{730E6046-1617-4E43-B27E-330ADFA43594}.Debug|x86.Build.0 = Debug|Any CPU
		{730E6046-1617-4E43-B27E-330ADFA43594}.Release|Any CPU.ActiveCfg = Release|Any CPU
		{730E6046-1617-4E43-B27E-330ADFA43594}.Release|Any CPU.Build.0 = Release|Any CPU
		{730E6046-1617-4E43-B27E-330ADFA43594}.Release|ARM.ActiveCfg = Release|Any CPU
		{730E6046-1617-4E43-B27E-330ADFA43594}.Release|ARM.Build.0 = Release|Any CPU
		{730E6046-1617-4E43-B27E-330ADFA43594}.Release|x64.ActiveCfg = Release|Any CPU
		{730E6046-1617-4E43-B27E-330ADFA43594}.Release|x64.Build.0 = Release|Any CPU
		{730E6046-1617-4E43-B27E-330ADFA43594}.Release|x86.ActiveCfg = Release|Any CPU
		{730E6046-1617-4E43-B27E-330ADFA43594}.Release|x86.Build.0 = Release|Any CPU
		{39DFD55F-34E9-4692-82AC-B92049244745}.Debug|Any CPU.ActiveCfg = Debug|Any CPU
		{39DFD55F-34E9-4692-82AC-B92049244745}.Debug|Any CPU.Build.0 = Debug|Any CPU
		{39DFD55F-34E9-4692-82AC-B92049244745}.Debug|ARM.ActiveCfg = Debug|Any CPU
		{39DFD55F-34E9-4692-82AC-B92049244745}.Debug|ARM.Build.0 = Debug|Any CPU
		{39DFD55F-34E9-4692-82AC-B92049244745}.Debug|x64.ActiveCfg = Debug|Any CPU
		{39DFD55F-34E9-4692-82AC-B92049244745}.Debug|x64.Build.0 = Debug|Any CPU
		{39DFD55F-34E9-4692-82AC-B92049244745}.Debug|x86.ActiveCfg = Debug|Any CPU
		{39DFD55F-34E9-4692-82AC-B92049244745}.Debug|x86.Build.0 = Debug|Any CPU
		{39DFD55F-34E9-4692-82AC-B92049244745}.Release|Any CPU.ActiveCfg = Release|Any CPU
		{39DFD55F-34E9-4692-82AC-B92049244745}.Release|Any CPU.Build.0 = Release|Any CPU
		{39DFD55F-34E9-4692-82AC-B92049244745}.Release|ARM.ActiveCfg = Release|Any CPU
		{39DFD55F-34E9-4692-82AC-B92049244745}.Release|ARM.Build.0 = Release|Any CPU
		{39DFD55F-34E9-4692-82AC-B92049244745}.Release|x64.ActiveCfg = Release|Any CPU
		{39DFD55F-34E9-4692-82AC-B92049244745}.Release|x64.Build.0 = Release|Any CPU
		{39DFD55F-34E9-4692-82AC-B92049244745}.Release|x86.ActiveCfg = Release|Any CPU
		{39DFD55F-34E9-4692-82AC-B92049244745}.Release|x86.Build.0 = Release|Any CPU
		{46482135-3924-4DB1-BFF3-5A248FDDA18C}.Debug|Any CPU.ActiveCfg = Debug|Any CPU
		{46482135-3924-4DB1-BFF3-5A248FDDA18C}.Debug|Any CPU.Build.0 = Debug|Any CPU
		{46482135-3924-4DB1-BFF3-5A248FDDA18C}.Debug|ARM.ActiveCfg = Debug|Any CPU
		{46482135-3924-4DB1-BFF3-5A248FDDA18C}.Debug|ARM.Build.0 = Debug|Any CPU
		{46482135-3924-4DB1-BFF3-5A248FDDA18C}.Debug|x64.ActiveCfg = Debug|Any CPU
		{46482135-3924-4DB1-BFF3-5A248FDDA18C}.Debug|x64.Build.0 = Debug|Any CPU
		{46482135-3924-4DB1-BFF3-5A248FDDA18C}.Debug|x86.ActiveCfg = Debug|Any CPU
		{46482135-3924-4DB1-BFF3-5A248FDDA18C}.Debug|x86.Build.0 = Debug|Any CPU
		{46482135-3924-4DB1-BFF3-5A248FDDA18C}.Release|Any CPU.ActiveCfg = Release|Any CPU
		{46482135-3924-4DB1-BFF3-5A248FDDA18C}.Release|Any CPU.Build.0 = Release|Any CPU
		{46482135-3924-4DB1-BFF3-5A248FDDA18C}.Release|ARM.ActiveCfg = Release|Any CPU
		{46482135-3924-4DB1-BFF3-5A248FDDA18C}.Release|ARM.Build.0 = Release|Any CPU
		{46482135-3924-4DB1-BFF3-5A248FDDA18C}.Release|x64.ActiveCfg = Release|Any CPU
		{46482135-3924-4DB1-BFF3-5A248FDDA18C}.Release|x64.Build.0 = Release|Any CPU
		{46482135-3924-4DB1-BFF3-5A248FDDA18C}.Release|x86.ActiveCfg = Release|Any CPU
		{46482135-3924-4DB1-BFF3-5A248FDDA18C}.Release|x86.Build.0 = Release|Any CPU
		{F3BE4968-259F-42E4-A312-59EA097A720C}.Debug|Any CPU.ActiveCfg = Debug|Any CPU
		{F3BE4968-259F-42E4-A312-59EA097A720C}.Debug|Any CPU.Build.0 = Debug|Any CPU
		{F3BE4968-259F-42E4-A312-59EA097A720C}.Debug|ARM.ActiveCfg = Debug|Any CPU
		{F3BE4968-259F-42E4-A312-59EA097A720C}.Debug|ARM.Build.0 = Debug|Any CPU
		{F3BE4968-259F-42E4-A312-59EA097A720C}.Debug|x64.ActiveCfg = Debug|Any CPU
		{F3BE4968-259F-42E4-A312-59EA097A720C}.Debug|x64.Build.0 = Debug|Any CPU
		{F3BE4968-259F-42E4-A312-59EA097A720C}.Debug|x86.ActiveCfg = Debug|Any CPU
		{F3BE4968-259F-42E4-A312-59EA097A720C}.Debug|x86.Build.0 = Debug|Any CPU
		{F3BE4968-259F-42E4-A312-59EA097A720C}.Release|Any CPU.ActiveCfg = Release|Any CPU
		{F3BE4968-259F-42E4-A312-59EA097A720C}.Release|Any CPU.Build.0 = Release|Any CPU
		{F3BE4968-259F-42E4-A312-59EA097A720C}.Release|ARM.ActiveCfg = Release|Any CPU
		{F3BE4968-259F-42E4-A312-59EA097A720C}.Release|ARM.Build.0 = Release|Any CPU
		{F3BE4968-259F-42E4-A312-59EA097A720C}.Release|x64.ActiveCfg = Release|Any CPU
		{F3BE4968-259F-42E4-A312-59EA097A720C}.Release|x64.Build.0 = Release|Any CPU
		{F3BE4968-259F-42E4-A312-59EA097A720C}.Release|x86.ActiveCfg = Release|Any CPU
		{F3BE4968-259F-42E4-A312-59EA097A720C}.Release|x86.Build.0 = Release|Any CPU
		{4020282D-064B-4C74-9883-122F099076DF}.Debug|Any CPU.ActiveCfg = Debug|Any CPU
		{4020282D-064B-4C74-9883-122F099076DF}.Debug|Any CPU.Build.0 = Debug|Any CPU
		{4020282D-064B-4C74-9883-122F099076DF}.Debug|ARM.ActiveCfg = Debug|Any CPU
		{4020282D-064B-4C74-9883-122F099076DF}.Debug|ARM.Build.0 = Debug|Any CPU
		{4020282D-064B-4C74-9883-122F099076DF}.Debug|x64.ActiveCfg = Debug|Any CPU
		{4020282D-064B-4C74-9883-122F099076DF}.Debug|x64.Build.0 = Debug|Any CPU
		{4020282D-064B-4C74-9883-122F099076DF}.Debug|x86.ActiveCfg = Debug|Any CPU
		{4020282D-064B-4C74-9883-122F099076DF}.Debug|x86.Build.0 = Debug|Any CPU
		{4020282D-064B-4C74-9883-122F099076DF}.Release|Any CPU.ActiveCfg = Release|Any CPU
		{4020282D-064B-4C74-9883-122F099076DF}.Release|Any CPU.Build.0 = Release|Any CPU
		{4020282D-064B-4C74-9883-122F099076DF}.Release|ARM.ActiveCfg = Release|Any CPU
		{4020282D-064B-4C74-9883-122F099076DF}.Release|ARM.Build.0 = Release|Any CPU
		{4020282D-064B-4C74-9883-122F099076DF}.Release|x64.ActiveCfg = Release|Any CPU
		{4020282D-064B-4C74-9883-122F099076DF}.Release|x64.Build.0 = Release|Any CPU
		{4020282D-064B-4C74-9883-122F099076DF}.Release|x86.ActiveCfg = Release|Any CPU
		{4020282D-064B-4C74-9883-122F099076DF}.Release|x86.Build.0 = Release|Any CPU
		{593B16D7-E237-4AC9-9301-B1CD4CC2753D}.Debug|Any CPU.ActiveCfg = Debug|Any CPU
		{593B16D7-E237-4AC9-9301-B1CD4CC2753D}.Debug|Any CPU.Build.0 = Debug|Any CPU
		{593B16D7-E237-4AC9-9301-B1CD4CC2753D}.Debug|ARM.ActiveCfg = Debug|Any CPU
		{593B16D7-E237-4AC9-9301-B1CD4CC2753D}.Debug|ARM.Build.0 = Debug|Any CPU
		{593B16D7-E237-4AC9-9301-B1CD4CC2753D}.Debug|x64.ActiveCfg = Debug|Any CPU
		{593B16D7-E237-4AC9-9301-B1CD4CC2753D}.Debug|x64.Build.0 = Debug|Any CPU
		{593B16D7-E237-4AC9-9301-B1CD4CC2753D}.Debug|x86.ActiveCfg = Debug|Any CPU
		{593B16D7-E237-4AC9-9301-B1CD4CC2753D}.Debug|x86.Build.0 = Debug|Any CPU
		{593B16D7-E237-4AC9-9301-B1CD4CC2753D}.Release|Any CPU.ActiveCfg = Release|Any CPU
		{593B16D7-E237-4AC9-9301-B1CD4CC2753D}.Release|Any CPU.Build.0 = Release|Any CPU
		{593B16D7-E237-4AC9-9301-B1CD4CC2753D}.Release|ARM.ActiveCfg = Release|Any CPU
		{593B16D7-E237-4AC9-9301-B1CD4CC2753D}.Release|ARM.Build.0 = Release|Any CPU
		{593B16D7-E237-4AC9-9301-B1CD4CC2753D}.Release|x64.ActiveCfg = Release|Any CPU
		{593B16D7-E237-4AC9-9301-B1CD4CC2753D}.Release|x64.Build.0 = Release|Any CPU
		{593B16D7-E237-4AC9-9301-B1CD4CC2753D}.Release|x86.ActiveCfg = Release|Any CPU
		{593B16D7-E237-4AC9-9301-B1CD4CC2753D}.Release|x86.Build.0 = Release|Any CPU
		{4FB92704-0476-4987-AB31-CDC9790FB26E}.Debug|Any CPU.ActiveCfg = Debug|Any CPU
		{4FB92704-0476-4987-AB31-CDC9790FB26E}.Debug|Any CPU.Build.0 = Debug|Any CPU
		{4FB92704-0476-4987-AB31-CDC9790FB26E}.Debug|ARM.ActiveCfg = Debug|Any CPU
		{4FB92704-0476-4987-AB31-CDC9790FB26E}.Debug|ARM.Build.0 = Debug|Any CPU
		{4FB92704-0476-4987-AB31-CDC9790FB26E}.Debug|x64.ActiveCfg = Debug|Any CPU
		{4FB92704-0476-4987-AB31-CDC9790FB26E}.Debug|x64.Build.0 = Debug|Any CPU
		{4FB92704-0476-4987-AB31-CDC9790FB26E}.Debug|x86.ActiveCfg = Debug|Any CPU
		{4FB92704-0476-4987-AB31-CDC9790FB26E}.Debug|x86.Build.0 = Debug|Any CPU
		{4FB92704-0476-4987-AB31-CDC9790FB26E}.Release|Any CPU.ActiveCfg = Release|Any CPU
		{4FB92704-0476-4987-AB31-CDC9790FB26E}.Release|Any CPU.Build.0 = Release|Any CPU
		{4FB92704-0476-4987-AB31-CDC9790FB26E}.Release|ARM.ActiveCfg = Release|Any CPU
		{4FB92704-0476-4987-AB31-CDC9790FB26E}.Release|ARM.Build.0 = Release|Any CPU
		{4FB92704-0476-4987-AB31-CDC9790FB26E}.Release|x64.ActiveCfg = Release|Any CPU
		{4FB92704-0476-4987-AB31-CDC9790FB26E}.Release|x64.Build.0 = Release|Any CPU
		{4FB92704-0476-4987-AB31-CDC9790FB26E}.Release|x86.ActiveCfg = Release|Any CPU
		{4FB92704-0476-4987-AB31-CDC9790FB26E}.Release|x86.Build.0 = Release|Any CPU
		{6BF680CE-2D6A-49D5-BD4F-1011EECD730E}.Debug|Any CPU.ActiveCfg = Debug|Any CPU
		{6BF680CE-2D6A-49D5-BD4F-1011EECD730E}.Debug|Any CPU.Build.0 = Debug|Any CPU
		{6BF680CE-2D6A-49D5-BD4F-1011EECD730E}.Debug|ARM.ActiveCfg = Debug|Any CPU
		{6BF680CE-2D6A-49D5-BD4F-1011EECD730E}.Debug|ARM.Build.0 = Debug|Any CPU
		{6BF680CE-2D6A-49D5-BD4F-1011EECD730E}.Debug|x64.ActiveCfg = Debug|Any CPU
		{6BF680CE-2D6A-49D5-BD4F-1011EECD730E}.Debug|x64.Build.0 = Debug|Any CPU
		{6BF680CE-2D6A-49D5-BD4F-1011EECD730E}.Debug|x86.ActiveCfg = Debug|Any CPU
		{6BF680CE-2D6A-49D5-BD4F-1011EECD730E}.Debug|x86.Build.0 = Debug|Any CPU
		{6BF680CE-2D6A-49D5-BD4F-1011EECD730E}.Release|Any CPU.ActiveCfg = Release|Any CPU
		{6BF680CE-2D6A-49D5-BD4F-1011EECD730E}.Release|Any CPU.Build.0 = Release|Any CPU
		{6BF680CE-2D6A-49D5-BD4F-1011EECD730E}.Release|ARM.ActiveCfg = Release|Any CPU
		{6BF680CE-2D6A-49D5-BD4F-1011EECD730E}.Release|ARM.Build.0 = Release|Any CPU
		{6BF680CE-2D6A-49D5-BD4F-1011EECD730E}.Release|x64.ActiveCfg = Release|Any CPU
		{6BF680CE-2D6A-49D5-BD4F-1011EECD730E}.Release|x64.Build.0 = Release|Any CPU
		{6BF680CE-2D6A-49D5-BD4F-1011EECD730E}.Release|x86.ActiveCfg = Release|Any CPU
		{6BF680CE-2D6A-49D5-BD4F-1011EECD730E}.Release|x86.Build.0 = Release|Any CPU
		{ABB04D7D-71E6-4D5A-A20C-8C918C315D4E}.Debug|Any CPU.ActiveCfg = Debug|Any CPU
		{ABB04D7D-71E6-4D5A-A20C-8C918C315D4E}.Debug|Any CPU.Build.0 = Debug|Any CPU
		{ABB04D7D-71E6-4D5A-A20C-8C918C315D4E}.Debug|ARM.ActiveCfg = Debug|Any CPU
		{ABB04D7D-71E6-4D5A-A20C-8C918C315D4E}.Debug|ARM.Build.0 = Debug|Any CPU
		{ABB04D7D-71E6-4D5A-A20C-8C918C315D4E}.Debug|x64.ActiveCfg = Debug|Any CPU
		{ABB04D7D-71E6-4D5A-A20C-8C918C315D4E}.Debug|x64.Build.0 = Debug|Any CPU
		{ABB04D7D-71E6-4D5A-A20C-8C918C315D4E}.Debug|x86.ActiveCfg = Debug|Any CPU
		{ABB04D7D-71E6-4D5A-A20C-8C918C315D4E}.Debug|x86.Build.0 = Debug|Any CPU
		{ABB04D7D-71E6-4D5A-A20C-8C918C315D4E}.Release|Any CPU.ActiveCfg = Release|Any CPU
		{ABB04D7D-71E6-4D5A-A20C-8C918C315D4E}.Release|Any CPU.Build.0 = Release|Any CPU
		{ABB04D7D-71E6-4D5A-A20C-8C918C315D4E}.Release|ARM.ActiveCfg = Release|Any CPU
		{ABB04D7D-71E6-4D5A-A20C-8C918C315D4E}.Release|ARM.Build.0 = Release|Any CPU
		{ABB04D7D-71E6-4D5A-A20C-8C918C315D4E}.Release|x64.ActiveCfg = Release|Any CPU
		{ABB04D7D-71E6-4D5A-A20C-8C918C315D4E}.Release|x64.Build.0 = Release|Any CPU
		{ABB04D7D-71E6-4D5A-A20C-8C918C315D4E}.Release|x86.ActiveCfg = Release|Any CPU
		{ABB04D7D-71E6-4D5A-A20C-8C918C315D4E}.Release|x86.Build.0 = Release|Any CPU
		{F66B9A03-4892-4E38-BAF3-93C1657A5032}.Debug|Any CPU.ActiveCfg = Debug|Any CPU
		{F66B9A03-4892-4E38-BAF3-93C1657A5032}.Debug|Any CPU.Build.0 = Debug|Any CPU
		{F66B9A03-4892-4E38-BAF3-93C1657A5032}.Debug|ARM.ActiveCfg = Debug|Any CPU
		{F66B9A03-4892-4E38-BAF3-93C1657A5032}.Debug|ARM.Build.0 = Debug|Any CPU
		{F66B9A03-4892-4E38-BAF3-93C1657A5032}.Debug|x64.ActiveCfg = Debug|Any CPU
		{F66B9A03-4892-4E38-BAF3-93C1657A5032}.Debug|x64.Build.0 = Debug|Any CPU
		{F66B9A03-4892-4E38-BAF3-93C1657A5032}.Debug|x86.ActiveCfg = Debug|Any CPU
		{F66B9A03-4892-4E38-BAF3-93C1657A5032}.Debug|x86.Build.0 = Debug|Any CPU
		{F66B9A03-4892-4E38-BAF3-93C1657A5032}.Release|Any CPU.ActiveCfg = Release|Any CPU
		{F66B9A03-4892-4E38-BAF3-93C1657A5032}.Release|Any CPU.Build.0 = Release|Any CPU
		{F66B9A03-4892-4E38-BAF3-93C1657A5032}.Release|ARM.ActiveCfg = Release|Any CPU
		{F66B9A03-4892-4E38-BAF3-93C1657A5032}.Release|ARM.Build.0 = Release|Any CPU
		{F66B9A03-4892-4E38-BAF3-93C1657A5032}.Release|x64.ActiveCfg = Release|Any CPU
		{F66B9A03-4892-4E38-BAF3-93C1657A5032}.Release|x64.Build.0 = Release|Any CPU
		{F66B9A03-4892-4E38-BAF3-93C1657A5032}.Release|x86.ActiveCfg = Release|Any CPU
		{F66B9A03-4892-4E38-BAF3-93C1657A5032}.Release|x86.Build.0 = Release|Any CPU
		{B5A4D179-8B84-4313-9BF9-E49B5C461C96}.Debug|Any CPU.ActiveCfg = Debug|Any CPU
		{B5A4D179-8B84-4313-9BF9-E49B5C461C96}.Debug|Any CPU.Build.0 = Debug|Any CPU
		{B5A4D179-8B84-4313-9BF9-E49B5C461C96}.Debug|ARM.ActiveCfg = Debug|Any CPU
		{B5A4D179-8B84-4313-9BF9-E49B5C461C96}.Debug|ARM.Build.0 = Debug|Any CPU
		{B5A4D179-8B84-4313-9BF9-E49B5C461C96}.Debug|x64.ActiveCfg = Debug|Any CPU
		{B5A4D179-8B84-4313-9BF9-E49B5C461C96}.Debug|x64.Build.0 = Debug|Any CPU
		{B5A4D179-8B84-4313-9BF9-E49B5C461C96}.Debug|x86.ActiveCfg = Debug|Any CPU
		{B5A4D179-8B84-4313-9BF9-E49B5C461C96}.Debug|x86.Build.0 = Debug|Any CPU
		{B5A4D179-8B84-4313-9BF9-E49B5C461C96}.Release|Any CPU.ActiveCfg = Release|Any CPU
		{B5A4D179-8B84-4313-9BF9-E49B5C461C96}.Release|Any CPU.Build.0 = Release|Any CPU
		{B5A4D179-8B84-4313-9BF9-E49B5C461C96}.Release|ARM.ActiveCfg = Release|Any CPU
		{B5A4D179-8B84-4313-9BF9-E49B5C461C96}.Release|ARM.Build.0 = Release|Any CPU
		{B5A4D179-8B84-4313-9BF9-E49B5C461C96}.Release|x64.ActiveCfg = Release|Any CPU
		{B5A4D179-8B84-4313-9BF9-E49B5C461C96}.Release|x64.Build.0 = Release|Any CPU
		{B5A4D179-8B84-4313-9BF9-E49B5C461C96}.Release|x86.ActiveCfg = Release|Any CPU
		{B5A4D179-8B84-4313-9BF9-E49B5C461C96}.Release|x86.Build.0 = Release|Any CPU
		{EC816F0C-2F30-4744-8B84-D311DF7A1051}.Debug|Any CPU.ActiveCfg = Debug|Any CPU
		{EC816F0C-2F30-4744-8B84-D311DF7A1051}.Debug|Any CPU.Build.0 = Debug|Any CPU
		{EC816F0C-2F30-4744-8B84-D311DF7A1051}.Debug|ARM.ActiveCfg = Debug|Any CPU
		{EC816F0C-2F30-4744-8B84-D311DF7A1051}.Debug|ARM.Build.0 = Debug|Any CPU
		{EC816F0C-2F30-4744-8B84-D311DF7A1051}.Debug|x64.ActiveCfg = Debug|Any CPU
		{EC816F0C-2F30-4744-8B84-D311DF7A1051}.Debug|x64.Build.0 = Debug|Any CPU
		{EC816F0C-2F30-4744-8B84-D311DF7A1051}.Debug|x86.ActiveCfg = Debug|Any CPU
		{EC816F0C-2F30-4744-8B84-D311DF7A1051}.Debug|x86.Build.0 = Debug|Any CPU
		{EC816F0C-2F30-4744-8B84-D311DF7A1051}.Release|Any CPU.ActiveCfg = Release|Any CPU
		{EC816F0C-2F30-4744-8B84-D311DF7A1051}.Release|Any CPU.Build.0 = Release|Any CPU
		{EC816F0C-2F30-4744-8B84-D311DF7A1051}.Release|ARM.ActiveCfg = Release|Any CPU
		{EC816F0C-2F30-4744-8B84-D311DF7A1051}.Release|ARM.Build.0 = Release|Any CPU
		{EC816F0C-2F30-4744-8B84-D311DF7A1051}.Release|x64.ActiveCfg = Release|Any CPU
		{EC816F0C-2F30-4744-8B84-D311DF7A1051}.Release|x64.Build.0 = Release|Any CPU
		{EC816F0C-2F30-4744-8B84-D311DF7A1051}.Release|x86.ActiveCfg = Release|Any CPU
		{EC816F0C-2F30-4744-8B84-D311DF7A1051}.Release|x86.Build.0 = Release|Any CPU
		{8F27AB82-79D8-4487-A29A-89D7B1C48994}.Debug|Any CPU.ActiveCfg = Debug|Any CPU
		{8F27AB82-79D8-4487-A29A-89D7B1C48994}.Debug|Any CPU.Build.0 = Debug|Any CPU
		{8F27AB82-79D8-4487-A29A-89D7B1C48994}.Debug|ARM.ActiveCfg = Debug|Any CPU
		{8F27AB82-79D8-4487-A29A-89D7B1C48994}.Debug|ARM.Build.0 = Debug|Any CPU
		{8F27AB82-79D8-4487-A29A-89D7B1C48994}.Debug|x64.ActiveCfg = Debug|Any CPU
		{8F27AB82-79D8-4487-A29A-89D7B1C48994}.Debug|x64.Build.0 = Debug|Any CPU
		{8F27AB82-79D8-4487-A29A-89D7B1C48994}.Debug|x86.ActiveCfg = Debug|Any CPU
		{8F27AB82-79D8-4487-A29A-89D7B1C48994}.Debug|x86.Build.0 = Debug|Any CPU
		{8F27AB82-79D8-4487-A29A-89D7B1C48994}.Release|Any CPU.ActiveCfg = Release|Any CPU
		{8F27AB82-79D8-4487-A29A-89D7B1C48994}.Release|Any CPU.Build.0 = Release|Any CPU
		{8F27AB82-79D8-4487-A29A-89D7B1C48994}.Release|ARM.ActiveCfg = Release|Any CPU
		{8F27AB82-79D8-4487-A29A-89D7B1C48994}.Release|ARM.Build.0 = Release|Any CPU
		{8F27AB82-79D8-4487-A29A-89D7B1C48994}.Release|x64.ActiveCfg = Release|Any CPU
		{8F27AB82-79D8-4487-A29A-89D7B1C48994}.Release|x64.Build.0 = Release|Any CPU
		{8F27AB82-79D8-4487-A29A-89D7B1C48994}.Release|x86.ActiveCfg = Release|Any CPU
		{8F27AB82-79D8-4487-A29A-89D7B1C48994}.Release|x86.Build.0 = Release|Any CPU
		{A53B1AC1-02C1-4474-997D-F68BD1931578}.Debug|Any CPU.ActiveCfg = Debug|x86
		{A53B1AC1-02C1-4474-997D-F68BD1931578}.Debug|ARM.ActiveCfg = Debug|ARM
		{A53B1AC1-02C1-4474-997D-F68BD1931578}.Debug|ARM.Build.0 = Debug|ARM
		{A53B1AC1-02C1-4474-997D-F68BD1931578}.Debug|ARM.Deploy.0 = Debug|ARM
		{A53B1AC1-02C1-4474-997D-F68BD1931578}.Debug|x64.ActiveCfg = Debug|x64
		{A53B1AC1-02C1-4474-997D-F68BD1931578}.Debug|x64.Build.0 = Debug|x64
		{A53B1AC1-02C1-4474-997D-F68BD1931578}.Debug|x64.Deploy.0 = Debug|x64
		{A53B1AC1-02C1-4474-997D-F68BD1931578}.Debug|x86.ActiveCfg = Debug|x86
		{A53B1AC1-02C1-4474-997D-F68BD1931578}.Debug|x86.Build.0 = Debug|x86
		{A53B1AC1-02C1-4474-997D-F68BD1931578}.Debug|x86.Deploy.0 = Debug|x86
		{A53B1AC1-02C1-4474-997D-F68BD1931578}.Release|Any CPU.ActiveCfg = Release|x86
		{A53B1AC1-02C1-4474-997D-F68BD1931578}.Release|ARM.ActiveCfg = Release|ARM
		{A53B1AC1-02C1-4474-997D-F68BD1931578}.Release|ARM.Build.0 = Release|ARM
		{A53B1AC1-02C1-4474-997D-F68BD1931578}.Release|ARM.Deploy.0 = Release|ARM
		{A53B1AC1-02C1-4474-997D-F68BD1931578}.Release|x64.ActiveCfg = Release|x64
		{A53B1AC1-02C1-4474-997D-F68BD1931578}.Release|x64.Build.0 = Release|x64
		{A53B1AC1-02C1-4474-997D-F68BD1931578}.Release|x64.Deploy.0 = Release|x64
		{A53B1AC1-02C1-4474-997D-F68BD1931578}.Release|x86.ActiveCfg = Release|x86
		{A53B1AC1-02C1-4474-997D-F68BD1931578}.Release|x86.Build.0 = Release|x86
		{A53B1AC1-02C1-4474-997D-F68BD1931578}.Release|x86.Deploy.0 = Release|x86
		{770092F2-FE6F-4A7E-A4EC-A230825AEC86}.Debug|Any CPU.ActiveCfg = Debug|Any CPU
		{770092F2-FE6F-4A7E-A4EC-A230825AEC86}.Debug|Any CPU.Build.0 = Debug|Any CPU
		{770092F2-FE6F-4A7E-A4EC-A230825AEC86}.Debug|ARM.ActiveCfg = Debug|Any CPU
		{770092F2-FE6F-4A7E-A4EC-A230825AEC86}.Debug|ARM.Build.0 = Debug|Any CPU
		{770092F2-FE6F-4A7E-A4EC-A230825AEC86}.Debug|x64.ActiveCfg = Debug|Any CPU
		{770092F2-FE6F-4A7E-A4EC-A230825AEC86}.Debug|x64.Build.0 = Debug|Any CPU
		{770092F2-FE6F-4A7E-A4EC-A230825AEC86}.Debug|x86.ActiveCfg = Debug|Any CPU
		{770092F2-FE6F-4A7E-A4EC-A230825AEC86}.Debug|x86.Build.0 = Debug|Any CPU
		{770092F2-FE6F-4A7E-A4EC-A230825AEC86}.Release|Any CPU.ActiveCfg = Release|Any CPU
		{770092F2-FE6F-4A7E-A4EC-A230825AEC86}.Release|Any CPU.Build.0 = Release|Any CPU
		{770092F2-FE6F-4A7E-A4EC-A230825AEC86}.Release|ARM.ActiveCfg = Release|Any CPU
		{770092F2-FE6F-4A7E-A4EC-A230825AEC86}.Release|ARM.Build.0 = Release|Any CPU
		{770092F2-FE6F-4A7E-A4EC-A230825AEC86}.Release|x64.ActiveCfg = Release|Any CPU
		{770092F2-FE6F-4A7E-A4EC-A230825AEC86}.Release|x64.Build.0 = Release|Any CPU
		{770092F2-FE6F-4A7E-A4EC-A230825AEC86}.Release|x86.ActiveCfg = Release|Any CPU
		{770092F2-FE6F-4A7E-A4EC-A230825AEC86}.Release|x86.Build.0 = Release|Any CPU
		{4D0F44E3-97A1-4395-8004-9DB52822F32D}.Debug|Any CPU.ActiveCfg = Debug|Any CPU
		{4D0F44E3-97A1-4395-8004-9DB52822F32D}.Debug|Any CPU.Build.0 = Debug|Any CPU
		{4D0F44E3-97A1-4395-8004-9DB52822F32D}.Debug|ARM.ActiveCfg = Debug|Any CPU
		{4D0F44E3-97A1-4395-8004-9DB52822F32D}.Debug|ARM.Build.0 = Debug|Any CPU
		{4D0F44E3-97A1-4395-8004-9DB52822F32D}.Debug|x64.ActiveCfg = Debug|Any CPU
		{4D0F44E3-97A1-4395-8004-9DB52822F32D}.Debug|x64.Build.0 = Debug|Any CPU
		{4D0F44E3-97A1-4395-8004-9DB52822F32D}.Debug|x86.ActiveCfg = Debug|Any CPU
		{4D0F44E3-97A1-4395-8004-9DB52822F32D}.Debug|x86.Build.0 = Debug|Any CPU
		{4D0F44E3-97A1-4395-8004-9DB52822F32D}.Release|Any CPU.ActiveCfg = Release|Any CPU
		{4D0F44E3-97A1-4395-8004-9DB52822F32D}.Release|Any CPU.Build.0 = Release|Any CPU
		{4D0F44E3-97A1-4395-8004-9DB52822F32D}.Release|ARM.ActiveCfg = Release|Any CPU
		{4D0F44E3-97A1-4395-8004-9DB52822F32D}.Release|ARM.Build.0 = Release|Any CPU
		{4D0F44E3-97A1-4395-8004-9DB52822F32D}.Release|x64.ActiveCfg = Release|Any CPU
		{4D0F44E3-97A1-4395-8004-9DB52822F32D}.Release|x64.Build.0 = Release|Any CPU
		{4D0F44E3-97A1-4395-8004-9DB52822F32D}.Release|x86.ActiveCfg = Release|Any CPU
		{4D0F44E3-97A1-4395-8004-9DB52822F32D}.Release|x86.Build.0 = Release|Any CPU
		{EB68C469-423F-4793-A5D2-3ED6EE7D36FB}.Debug|Any CPU.ActiveCfg = Debug|Any CPU
		{EB68C469-423F-4793-A5D2-3ED6EE7D36FB}.Debug|Any CPU.Build.0 = Debug|Any CPU
		{EB68C469-423F-4793-A5D2-3ED6EE7D36FB}.Debug|ARM.ActiveCfg = Debug|Any CPU
		{EB68C469-423F-4793-A5D2-3ED6EE7D36FB}.Debug|ARM.Build.0 = Debug|Any CPU
		{EB68C469-423F-4793-A5D2-3ED6EE7D36FB}.Debug|x64.ActiveCfg = Debug|Any CPU
		{EB68C469-423F-4793-A5D2-3ED6EE7D36FB}.Debug|x64.Build.0 = Debug|Any CPU
		{EB68C469-423F-4793-A5D2-3ED6EE7D36FB}.Debug|x86.ActiveCfg = Debug|Any CPU
		{EB68C469-423F-4793-A5D2-3ED6EE7D36FB}.Debug|x86.Build.0 = Debug|Any CPU
		{EB68C469-423F-4793-A5D2-3ED6EE7D36FB}.Release|Any CPU.ActiveCfg = Release|Any CPU
		{EB68C469-423F-4793-A5D2-3ED6EE7D36FB}.Release|Any CPU.Build.0 = Release|Any CPU
		{EB68C469-423F-4793-A5D2-3ED6EE7D36FB}.Release|ARM.ActiveCfg = Release|Any CPU
		{EB68C469-423F-4793-A5D2-3ED6EE7D36FB}.Release|ARM.Build.0 = Release|Any CPU
		{EB68C469-423F-4793-A5D2-3ED6EE7D36FB}.Release|x64.ActiveCfg = Release|Any CPU
		{EB68C469-423F-4793-A5D2-3ED6EE7D36FB}.Release|x64.Build.0 = Release|Any CPU
		{EB68C469-423F-4793-A5D2-3ED6EE7D36FB}.Release|x86.ActiveCfg = Release|Any CPU
		{EB68C469-423F-4793-A5D2-3ED6EE7D36FB}.Release|x86.Build.0 = Release|Any CPU
		{6EE14356-B03C-48E7-AB12-A87EA0E04B00}.Debug|Any CPU.ActiveCfg = Debug|Any CPU
		{6EE14356-B03C-48E7-AB12-A87EA0E04B00}.Debug|Any CPU.Build.0 = Debug|Any CPU
		{6EE14356-B03C-48E7-AB12-A87EA0E04B00}.Debug|ARM.ActiveCfg = Debug|Any CPU
		{6EE14356-B03C-48E7-AB12-A87EA0E04B00}.Debug|ARM.Build.0 = Debug|Any CPU
		{6EE14356-B03C-48E7-AB12-A87EA0E04B00}.Debug|x64.ActiveCfg = Debug|Any CPU
		{6EE14356-B03C-48E7-AB12-A87EA0E04B00}.Debug|x64.Build.0 = Debug|Any CPU
		{6EE14356-B03C-48E7-AB12-A87EA0E04B00}.Debug|x86.ActiveCfg = Debug|Any CPU
		{6EE14356-B03C-48E7-AB12-A87EA0E04B00}.Debug|x86.Build.0 = Debug|Any CPU
		{6EE14356-B03C-48E7-AB12-A87EA0E04B00}.Release|Any CPU.ActiveCfg = Release|Any CPU
		{6EE14356-B03C-48E7-AB12-A87EA0E04B00}.Release|Any CPU.Build.0 = Release|Any CPU
		{6EE14356-B03C-48E7-AB12-A87EA0E04B00}.Release|ARM.ActiveCfg = Release|Any CPU
		{6EE14356-B03C-48E7-AB12-A87EA0E04B00}.Release|ARM.Build.0 = Release|Any CPU
		{6EE14356-B03C-48E7-AB12-A87EA0E04B00}.Release|x64.ActiveCfg = Release|Any CPU
		{6EE14356-B03C-48E7-AB12-A87EA0E04B00}.Release|x64.Build.0 = Release|Any CPU
		{6EE14356-B03C-48E7-AB12-A87EA0E04B00}.Release|x86.ActiveCfg = Release|Any CPU
		{6EE14356-B03C-48E7-AB12-A87EA0E04B00}.Release|x86.Build.0 = Release|Any CPU
		{74E3D5C9-CAB9-4725-BAE6-4AEAA37A22D1}.Debug|Any CPU.ActiveCfg = Debug|Any CPU
		{74E3D5C9-CAB9-4725-BAE6-4AEAA37A22D1}.Debug|Any CPU.Build.0 = Debug|Any CPU
		{74E3D5C9-CAB9-4725-BAE6-4AEAA37A22D1}.Debug|ARM.ActiveCfg = Debug|Any CPU
		{74E3D5C9-CAB9-4725-BAE6-4AEAA37A22D1}.Debug|ARM.Build.0 = Debug|Any CPU
		{74E3D5C9-CAB9-4725-BAE6-4AEAA37A22D1}.Debug|x64.ActiveCfg = Debug|Any CPU
		{74E3D5C9-CAB9-4725-BAE6-4AEAA37A22D1}.Debug|x64.Build.0 = Debug|Any CPU
		{74E3D5C9-CAB9-4725-BAE6-4AEAA37A22D1}.Debug|x86.ActiveCfg = Debug|Any CPU
		{74E3D5C9-CAB9-4725-BAE6-4AEAA37A22D1}.Debug|x86.Build.0 = Debug|Any CPU
		{74E3D5C9-CAB9-4725-BAE6-4AEAA37A22D1}.Release|Any CPU.ActiveCfg = Release|Any CPU
		{74E3D5C9-CAB9-4725-BAE6-4AEAA37A22D1}.Release|Any CPU.Build.0 = Release|Any CPU
		{74E3D5C9-CAB9-4725-BAE6-4AEAA37A22D1}.Release|ARM.ActiveCfg = Release|Any CPU
		{74E3D5C9-CAB9-4725-BAE6-4AEAA37A22D1}.Release|ARM.Build.0 = Release|Any CPU
		{74E3D5C9-CAB9-4725-BAE6-4AEAA37A22D1}.Release|x64.ActiveCfg = Release|Any CPU
		{74E3D5C9-CAB9-4725-BAE6-4AEAA37A22D1}.Release|x64.Build.0 = Release|Any CPU
		{74E3D5C9-CAB9-4725-BAE6-4AEAA37A22D1}.Release|x86.ActiveCfg = Release|Any CPU
		{74E3D5C9-CAB9-4725-BAE6-4AEAA37A22D1}.Release|x86.Build.0 = Release|Any CPU
		{EE206936-632A-4928-98DB-4B0254D95A37}.Debug|Any CPU.ActiveCfg = Debug|Any CPU
		{EE206936-632A-4928-98DB-4B0254D95A37}.Debug|Any CPU.Build.0 = Debug|Any CPU
		{EE206936-632A-4928-98DB-4B0254D95A37}.Debug|ARM.ActiveCfg = Debug|Any CPU
		{EE206936-632A-4928-98DB-4B0254D95A37}.Debug|ARM.Build.0 = Debug|Any CPU
		{EE206936-632A-4928-98DB-4B0254D95A37}.Debug|x64.ActiveCfg = Debug|Any CPU
		{EE206936-632A-4928-98DB-4B0254D95A37}.Debug|x64.Build.0 = Debug|Any CPU
		{EE206936-632A-4928-98DB-4B0254D95A37}.Debug|x86.ActiveCfg = Debug|Any CPU
		{EE206936-632A-4928-98DB-4B0254D95A37}.Debug|x86.Build.0 = Debug|Any CPU
		{EE206936-632A-4928-98DB-4B0254D95A37}.Release|Any CPU.ActiveCfg = Release|Any CPU
		{EE206936-632A-4928-98DB-4B0254D95A37}.Release|Any CPU.Build.0 = Release|Any CPU
		{EE206936-632A-4928-98DB-4B0254D95A37}.Release|ARM.ActiveCfg = Release|Any CPU
		{EE206936-632A-4928-98DB-4B0254D95A37}.Release|ARM.Build.0 = Release|Any CPU
		{EE206936-632A-4928-98DB-4B0254D95A37}.Release|x64.ActiveCfg = Release|Any CPU
		{EE206936-632A-4928-98DB-4B0254D95A37}.Release|x64.Build.0 = Release|Any CPU
		{EE206936-632A-4928-98DB-4B0254D95A37}.Release|x86.ActiveCfg = Release|Any CPU
		{EE206936-632A-4928-98DB-4B0254D95A37}.Release|x86.Build.0 = Release|Any CPU
		{3B68E0FA-4536-4817-A2FD-37469664916A}.Debug|Any CPU.ActiveCfg = Debug|Any CPU
		{3B68E0FA-4536-4817-A2FD-37469664916A}.Debug|Any CPU.Build.0 = Debug|Any CPU
		{3B68E0FA-4536-4817-A2FD-37469664916A}.Debug|ARM.ActiveCfg = Debug|Any CPU
		{3B68E0FA-4536-4817-A2FD-37469664916A}.Debug|ARM.Build.0 = Debug|Any CPU
		{3B68E0FA-4536-4817-A2FD-37469664916A}.Debug|x64.ActiveCfg = Debug|Any CPU
		{3B68E0FA-4536-4817-A2FD-37469664916A}.Debug|x64.Build.0 = Debug|Any CPU
		{3B68E0FA-4536-4817-A2FD-37469664916A}.Debug|x86.ActiveCfg = Debug|Any CPU
		{3B68E0FA-4536-4817-A2FD-37469664916A}.Debug|x86.Build.0 = Debug|Any CPU
		{3B68E0FA-4536-4817-A2FD-37469664916A}.Release|Any CPU.ActiveCfg = Release|Any CPU
		{3B68E0FA-4536-4817-A2FD-37469664916A}.Release|Any CPU.Build.0 = Release|Any CPU
		{3B68E0FA-4536-4817-A2FD-37469664916A}.Release|ARM.ActiveCfg = Release|Any CPU
		{3B68E0FA-4536-4817-A2FD-37469664916A}.Release|ARM.Build.0 = Release|Any CPU
		{3B68E0FA-4536-4817-A2FD-37469664916A}.Release|x64.ActiveCfg = Release|Any CPU
		{3B68E0FA-4536-4817-A2FD-37469664916A}.Release|x64.Build.0 = Release|Any CPU
		{3B68E0FA-4536-4817-A2FD-37469664916A}.Release|x86.ActiveCfg = Release|Any CPU
		{3B68E0FA-4536-4817-A2FD-37469664916A}.Release|x86.Build.0 = Release|Any CPU
		{AD38BDB1-6F6E-4186-AF80-AF70DBA473F0}.Debug|Any CPU.ActiveCfg = Debug|Any CPU
		{AD38BDB1-6F6E-4186-AF80-AF70DBA473F0}.Debug|Any CPU.Build.0 = Debug|Any CPU
		{AD38BDB1-6F6E-4186-AF80-AF70DBA473F0}.Debug|ARM.ActiveCfg = Debug|Any CPU
		{AD38BDB1-6F6E-4186-AF80-AF70DBA473F0}.Debug|ARM.Build.0 = Debug|Any CPU
		{AD38BDB1-6F6E-4186-AF80-AF70DBA473F0}.Debug|x64.ActiveCfg = Debug|Any CPU
		{AD38BDB1-6F6E-4186-AF80-AF70DBA473F0}.Debug|x64.Build.0 = Debug|Any CPU
		{AD38BDB1-6F6E-4186-AF80-AF70DBA473F0}.Debug|x86.ActiveCfg = Debug|Any CPU
		{AD38BDB1-6F6E-4186-AF80-AF70DBA473F0}.Debug|x86.Build.0 = Debug|Any CPU
		{AD38BDB1-6F6E-4186-AF80-AF70DBA473F0}.Release|Any CPU.ActiveCfg = Release|Any CPU
		{AD38BDB1-6F6E-4186-AF80-AF70DBA473F0}.Release|Any CPU.Build.0 = Release|Any CPU
		{AD38BDB1-6F6E-4186-AF80-AF70DBA473F0}.Release|ARM.ActiveCfg = Release|Any CPU
		{AD38BDB1-6F6E-4186-AF80-AF70DBA473F0}.Release|ARM.Build.0 = Release|Any CPU
		{AD38BDB1-6F6E-4186-AF80-AF70DBA473F0}.Release|x64.ActiveCfg = Release|Any CPU
		{AD38BDB1-6F6E-4186-AF80-AF70DBA473F0}.Release|x64.Build.0 = Release|Any CPU
		{AD38BDB1-6F6E-4186-AF80-AF70DBA473F0}.Release|x86.ActiveCfg = Release|Any CPU
		{AD38BDB1-6F6E-4186-AF80-AF70DBA473F0}.Release|x86.Build.0 = Release|Any CPU
		{12DA759B-2E2E-434D-AFD9-F9F9DF2F3D3E}.Debug|Any CPU.ActiveCfg = Debug|Any CPU
		{12DA759B-2E2E-434D-AFD9-F9F9DF2F3D3E}.Debug|Any CPU.Build.0 = Debug|Any CPU
		{12DA759B-2E2E-434D-AFD9-F9F9DF2F3D3E}.Debug|ARM.ActiveCfg = Debug|Any CPU
		{12DA759B-2E2E-434D-AFD9-F9F9DF2F3D3E}.Debug|ARM.Build.0 = Debug|Any CPU
		{12DA759B-2E2E-434D-AFD9-F9F9DF2F3D3E}.Debug|x64.ActiveCfg = Debug|Any CPU
		{12DA759B-2E2E-434D-AFD9-F9F9DF2F3D3E}.Debug|x64.Build.0 = Debug|Any CPU
		{12DA759B-2E2E-434D-AFD9-F9F9DF2F3D3E}.Debug|x86.ActiveCfg = Debug|Any CPU
		{12DA759B-2E2E-434D-AFD9-F9F9DF2F3D3E}.Debug|x86.Build.0 = Debug|Any CPU
		{12DA759B-2E2E-434D-AFD9-F9F9DF2F3D3E}.Release|Any CPU.ActiveCfg = Release|Any CPU
		{12DA759B-2E2E-434D-AFD9-F9F9DF2F3D3E}.Release|Any CPU.Build.0 = Release|Any CPU
		{12DA759B-2E2E-434D-AFD9-F9F9DF2F3D3E}.Release|ARM.ActiveCfg = Release|Any CPU
		{12DA759B-2E2E-434D-AFD9-F9F9DF2F3D3E}.Release|ARM.Build.0 = Release|Any CPU
		{12DA759B-2E2E-434D-AFD9-F9F9DF2F3D3E}.Release|x64.ActiveCfg = Release|Any CPU
		{12DA759B-2E2E-434D-AFD9-F9F9DF2F3D3E}.Release|x64.Build.0 = Release|Any CPU
		{12DA759B-2E2E-434D-AFD9-F9F9DF2F3D3E}.Release|x86.ActiveCfg = Release|Any CPU
		{12DA759B-2E2E-434D-AFD9-F9F9DF2F3D3E}.Release|x86.Build.0 = Release|Any CPU
		{E8A6A680-8323-474C-BB60-14902785DD73}.Debug|Any CPU.ActiveCfg = Debug|Any CPU
		{E8A6A680-8323-474C-BB60-14902785DD73}.Debug|Any CPU.Build.0 = Debug|Any CPU
		{E8A6A680-8323-474C-BB60-14902785DD73}.Debug|ARM.ActiveCfg = Debug|Any CPU
		{E8A6A680-8323-474C-BB60-14902785DD73}.Debug|ARM.Build.0 = Debug|Any CPU
		{E8A6A680-8323-474C-BB60-14902785DD73}.Debug|x64.ActiveCfg = Debug|Any CPU
		{E8A6A680-8323-474C-BB60-14902785DD73}.Debug|x64.Build.0 = Debug|Any CPU
		{E8A6A680-8323-474C-BB60-14902785DD73}.Debug|x86.ActiveCfg = Debug|Any CPU
		{E8A6A680-8323-474C-BB60-14902785DD73}.Debug|x86.Build.0 = Debug|Any CPU
		{E8A6A680-8323-474C-BB60-14902785DD73}.Release|Any CPU.ActiveCfg = Release|Any CPU
		{E8A6A680-8323-474C-BB60-14902785DD73}.Release|Any CPU.Build.0 = Release|Any CPU
		{E8A6A680-8323-474C-BB60-14902785DD73}.Release|ARM.ActiveCfg = Release|Any CPU
		{E8A6A680-8323-474C-BB60-14902785DD73}.Release|ARM.Build.0 = Release|Any CPU
		{E8A6A680-8323-474C-BB60-14902785DD73}.Release|x64.ActiveCfg = Release|Any CPU
		{E8A6A680-8323-474C-BB60-14902785DD73}.Release|x64.Build.0 = Release|Any CPU
		{E8A6A680-8323-474C-BB60-14902785DD73}.Release|x86.ActiveCfg = Release|Any CPU
		{E8A6A680-8323-474C-BB60-14902785DD73}.Release|x86.Build.0 = Release|Any CPU
		{66E9761D-0F92-4870-869E-888D1934CEDD}.Debug|Any CPU.ActiveCfg = Debug|Any CPU
		{66E9761D-0F92-4870-869E-888D1934CEDD}.Debug|Any CPU.Build.0 = Debug|Any CPU
		{66E9761D-0F92-4870-869E-888D1934CEDD}.Debug|ARM.ActiveCfg = Debug|Any CPU
		{66E9761D-0F92-4870-869E-888D1934CEDD}.Debug|ARM.Build.0 = Debug|Any CPU
		{66E9761D-0F92-4870-869E-888D1934CEDD}.Debug|x64.ActiveCfg = Debug|Any CPU
		{66E9761D-0F92-4870-869E-888D1934CEDD}.Debug|x64.Build.0 = Debug|Any CPU
		{66E9761D-0F92-4870-869E-888D1934CEDD}.Debug|x86.ActiveCfg = Debug|Any CPU
		{66E9761D-0F92-4870-869E-888D1934CEDD}.Debug|x86.Build.0 = Debug|Any CPU
		{66E9761D-0F92-4870-869E-888D1934CEDD}.Release|Any CPU.ActiveCfg = Release|Any CPU
		{66E9761D-0F92-4870-869E-888D1934CEDD}.Release|Any CPU.Build.0 = Release|Any CPU
		{66E9761D-0F92-4870-869E-888D1934CEDD}.Release|ARM.ActiveCfg = Release|Any CPU
		{66E9761D-0F92-4870-869E-888D1934CEDD}.Release|ARM.Build.0 = Release|Any CPU
		{66E9761D-0F92-4870-869E-888D1934CEDD}.Release|x64.ActiveCfg = Release|Any CPU
		{66E9761D-0F92-4870-869E-888D1934CEDD}.Release|x64.Build.0 = Release|Any CPU
		{66E9761D-0F92-4870-869E-888D1934CEDD}.Release|x86.ActiveCfg = Release|Any CPU
		{66E9761D-0F92-4870-869E-888D1934CEDD}.Release|x86.Build.0 = Release|Any CPU
		{21F5C1A0-35DF-4A57-89D9-0645533B477D}.Debug|Any CPU.ActiveCfg = Debug|Any CPU
		{21F5C1A0-35DF-4A57-89D9-0645533B477D}.Debug|Any CPU.Build.0 = Debug|Any CPU
		{21F5C1A0-35DF-4A57-89D9-0645533B477D}.Debug|ARM.ActiveCfg = Debug|Any CPU
		{21F5C1A0-35DF-4A57-89D9-0645533B477D}.Debug|ARM.Build.0 = Debug|Any CPU
		{21F5C1A0-35DF-4A57-89D9-0645533B477D}.Debug|x64.ActiveCfg = Debug|Any CPU
		{21F5C1A0-35DF-4A57-89D9-0645533B477D}.Debug|x64.Build.0 = Debug|Any CPU
		{21F5C1A0-35DF-4A57-89D9-0645533B477D}.Debug|x86.ActiveCfg = Debug|Any CPU
		{21F5C1A0-35DF-4A57-89D9-0645533B477D}.Debug|x86.Build.0 = Debug|Any CPU
		{21F5C1A0-35DF-4A57-89D9-0645533B477D}.Release|Any CPU.ActiveCfg = Release|Any CPU
		{21F5C1A0-35DF-4A57-89D9-0645533B477D}.Release|Any CPU.Build.0 = Release|Any CPU
		{21F5C1A0-35DF-4A57-89D9-0645533B477D}.Release|ARM.ActiveCfg = Release|Any CPU
		{21F5C1A0-35DF-4A57-89D9-0645533B477D}.Release|ARM.Build.0 = Release|Any CPU
		{21F5C1A0-35DF-4A57-89D9-0645533B477D}.Release|x64.ActiveCfg = Release|Any CPU
		{21F5C1A0-35DF-4A57-89D9-0645533B477D}.Release|x64.Build.0 = Release|Any CPU
		{21F5C1A0-35DF-4A57-89D9-0645533B477D}.Release|x86.ActiveCfg = Release|Any CPU
		{21F5C1A0-35DF-4A57-89D9-0645533B477D}.Release|x86.Build.0 = Release|Any CPU
		{063483CB-99FD-4AD0-9CB6-F81264697B9E}.Debug|Any CPU.ActiveCfg = Debug|Any CPU
		{063483CB-99FD-4AD0-9CB6-F81264697B9E}.Debug|Any CPU.Build.0 = Debug|Any CPU
		{063483CB-99FD-4AD0-9CB6-F81264697B9E}.Debug|ARM.ActiveCfg = Debug|Any CPU
		{063483CB-99FD-4AD0-9CB6-F81264697B9E}.Debug|ARM.Build.0 = Debug|Any CPU
		{063483CB-99FD-4AD0-9CB6-F81264697B9E}.Debug|x64.ActiveCfg = Debug|Any CPU
		{063483CB-99FD-4AD0-9CB6-F81264697B9E}.Debug|x64.Build.0 = Debug|Any CPU
		{063483CB-99FD-4AD0-9CB6-F81264697B9E}.Debug|x86.ActiveCfg = Debug|Any CPU
		{063483CB-99FD-4AD0-9CB6-F81264697B9E}.Debug|x86.Build.0 = Debug|Any CPU
		{063483CB-99FD-4AD0-9CB6-F81264697B9E}.Release|Any CPU.ActiveCfg = Release|Any CPU
		{063483CB-99FD-4AD0-9CB6-F81264697B9E}.Release|Any CPU.Build.0 = Release|Any CPU
		{063483CB-99FD-4AD0-9CB6-F81264697B9E}.Release|ARM.ActiveCfg = Release|Any CPU
		{063483CB-99FD-4AD0-9CB6-F81264697B9E}.Release|ARM.Build.0 = Release|Any CPU
		{063483CB-99FD-4AD0-9CB6-F81264697B9E}.Release|x64.ActiveCfg = Release|Any CPU
		{063483CB-99FD-4AD0-9CB6-F81264697B9E}.Release|x64.Build.0 = Release|Any CPU
		{063483CB-99FD-4AD0-9CB6-F81264697B9E}.Release|x86.ActiveCfg = Release|Any CPU
		{063483CB-99FD-4AD0-9CB6-F81264697B9E}.Release|x86.Build.0 = Release|Any CPU
		{08746E8F-9D01-4A2A-ACCC-974702A40E7B}.Debug|Any CPU.ActiveCfg = Debug|Any CPU
		{08746E8F-9D01-4A2A-ACCC-974702A40E7B}.Debug|Any CPU.Build.0 = Debug|Any CPU
		{08746E8F-9D01-4A2A-ACCC-974702A40E7B}.Debug|ARM.ActiveCfg = Debug|Any CPU
		{08746E8F-9D01-4A2A-ACCC-974702A40E7B}.Debug|ARM.Build.0 = Debug|Any CPU
		{08746E8F-9D01-4A2A-ACCC-974702A40E7B}.Debug|x64.ActiveCfg = Debug|Any CPU
		{08746E8F-9D01-4A2A-ACCC-974702A40E7B}.Debug|x64.Build.0 = Debug|Any CPU
		{08746E8F-9D01-4A2A-ACCC-974702A40E7B}.Debug|x86.ActiveCfg = Debug|Any CPU
		{08746E8F-9D01-4A2A-ACCC-974702A40E7B}.Debug|x86.Build.0 = Debug|Any CPU
		{08746E8F-9D01-4A2A-ACCC-974702A40E7B}.Release|Any CPU.ActiveCfg = Release|Any CPU
		{08746E8F-9D01-4A2A-ACCC-974702A40E7B}.Release|Any CPU.Build.0 = Release|Any CPU
		{08746E8F-9D01-4A2A-ACCC-974702A40E7B}.Release|ARM.ActiveCfg = Release|Any CPU
		{08746E8F-9D01-4A2A-ACCC-974702A40E7B}.Release|ARM.Build.0 = Release|Any CPU
		{08746E8F-9D01-4A2A-ACCC-974702A40E7B}.Release|x64.ActiveCfg = Release|Any CPU
		{08746E8F-9D01-4A2A-ACCC-974702A40E7B}.Release|x64.Build.0 = Release|Any CPU
		{08746E8F-9D01-4A2A-ACCC-974702A40E7B}.Release|x86.ActiveCfg = Release|Any CPU
		{08746E8F-9D01-4A2A-ACCC-974702A40E7B}.Release|x86.Build.0 = Release|Any CPU
		{BABF2E73-18DB-4B10-A3E5-31791B5FA87E}.Debug|Any CPU.ActiveCfg = Debug|Any CPU
		{BABF2E73-18DB-4B10-A3E5-31791B5FA87E}.Debug|Any CPU.Build.0 = Debug|Any CPU
		{BABF2E73-18DB-4B10-A3E5-31791B5FA87E}.Debug|ARM.ActiveCfg = Debug|Any CPU
		{BABF2E73-18DB-4B10-A3E5-31791B5FA87E}.Debug|ARM.Build.0 = Debug|Any CPU
		{BABF2E73-18DB-4B10-A3E5-31791B5FA87E}.Debug|x64.ActiveCfg = Debug|Any CPU
		{BABF2E73-18DB-4B10-A3E5-31791B5FA87E}.Debug|x64.Build.0 = Debug|Any CPU
		{BABF2E73-18DB-4B10-A3E5-31791B5FA87E}.Debug|x86.ActiveCfg = Debug|Any CPU
		{BABF2E73-18DB-4B10-A3E5-31791B5FA87E}.Debug|x86.Build.0 = Debug|Any CPU
		{BABF2E73-18DB-4B10-A3E5-31791B5FA87E}.Release|Any CPU.ActiveCfg = Release|Any CPU
		{BABF2E73-18DB-4B10-A3E5-31791B5FA87E}.Release|Any CPU.Build.0 = Release|Any CPU
		{BABF2E73-18DB-4B10-A3E5-31791B5FA87E}.Release|ARM.ActiveCfg = Release|Any CPU
		{BABF2E73-18DB-4B10-A3E5-31791B5FA87E}.Release|ARM.Build.0 = Release|Any CPU
		{BABF2E73-18DB-4B10-A3E5-31791B5FA87E}.Release|x64.ActiveCfg = Release|Any CPU
		{BABF2E73-18DB-4B10-A3E5-31791B5FA87E}.Release|x64.Build.0 = Release|Any CPU
		{BABF2E73-18DB-4B10-A3E5-31791B5FA87E}.Release|x86.ActiveCfg = Release|Any CPU
		{BABF2E73-18DB-4B10-A3E5-31791B5FA87E}.Release|x86.Build.0 = Release|Any CPU
	EndGlobalSection
	GlobalSection(SolutionProperties) = preSolution
		HideSolutionNode = FALSE
	EndGlobalSection
	GlobalSection(NestedProjects) = preSolution
		{730E6046-1617-4E43-B27E-330ADFA43594} = {8CF0A971-3562-48CD-BF6E-F6D9731E4D41}
		{39DFD55F-34E9-4692-82AC-B92049244745} = {8CF0A971-3562-48CD-BF6E-F6D9731E4D41}
		{46482135-3924-4DB1-BFF3-5A248FDDA18C} = {9C30D684-9A9C-4945-9C42-D95AAA58A4B5}
		{F3BE4968-259F-42E4-A312-59EA097A720C} = {9C30D684-9A9C-4945-9C42-D95AAA58A4B5}
		{4020282D-064B-4C74-9883-122F099076DF} = {584E6D57-D27D-4D76-8F07-03DA1DF559EB}
		{593B16D7-E237-4AC9-9301-B1CD4CC2753D} = {584E6D57-D27D-4D76-8F07-03DA1DF559EB}
		{4FB92704-0476-4987-AB31-CDC9790FB26E} = {584E6D57-D27D-4D76-8F07-03DA1DF559EB}
		{6BF680CE-2D6A-49D5-BD4F-1011EECD730E} = {476EC483-CDF6-48CA-9CC2-7C0B5AD8481C}
		{ABB04D7D-71E6-4D5A-A20C-8C918C315D4E} = {476EC483-CDF6-48CA-9CC2-7C0B5AD8481C}
		{F66B9A03-4892-4E38-BAF3-93C1657A5032} = {476EC483-CDF6-48CA-9CC2-7C0B5AD8481C}
		{66A6DB00-07DD-4070-8D2B-C5CDD37FF0BE} = {5EA34267-10F7-4F30-B685-C6560D84511B}
		{B5A4D179-8B84-4313-9BF9-E49B5C461C96} = {66A6DB00-07DD-4070-8D2B-C5CDD37FF0BE}
		{EC816F0C-2F30-4744-8B84-D311DF7A1051} = {66A6DB00-07DD-4070-8D2B-C5CDD37FF0BE}
		{8F27AB82-79D8-4487-A29A-89D7B1C48994} = {66A6DB00-07DD-4070-8D2B-C5CDD37FF0BE}
		{0F0BB06B-64B3-4733-AE89-AEC7E6CE4C86} = {5EA34267-10F7-4F30-B685-C6560D84511B}
		{A53B1AC1-02C1-4474-997D-F68BD1931578} = {0F0BB06B-64B3-4733-AE89-AEC7E6CE4C86}
		{770092F2-FE6F-4A7E-A4EC-A230825AEC86} = {CBF56B38-1647-4990-8DE8-D81C6E442136}
		{4D0F44E3-97A1-4395-8004-9DB52822F32D} = {CBF56B38-1647-4990-8DE8-D81C6E442136}
		{EB68C469-423F-4793-A5D2-3ED6EE7D36FB} = {CBF56B38-1647-4990-8DE8-D81C6E442136}
		{AB6E21CB-F75B-4351-9034-7AB656060FFE} = {7B5EAB55-E61D-4477-937F-74F2445BA531}
		{6EE14356-B03C-48E7-AB12-A87EA0E04B00} = {AB6E21CB-F75B-4351-9034-7AB656060FFE}
		{74E3D5C9-CAB9-4725-BAE6-4AEAA37A22D1} = {AB6E21CB-F75B-4351-9034-7AB656060FFE}
		{EE206936-632A-4928-98DB-4B0254D95A37} = {AB6E21CB-F75B-4351-9034-7AB656060FFE}
		{3B68E0FA-4536-4817-A2FD-37469664916A} = {AB6E21CB-F75B-4351-9034-7AB656060FFE}
		{22B9EF1D-4763-42B0-BE07-70250F9C3E6C} = {7B5EAB55-E61D-4477-937F-74F2445BA531}
		{AD38BDB1-6F6E-4186-AF80-AF70DBA473F0} = {22B9EF1D-4763-42B0-BE07-70250F9C3E6C}
		{12DA759B-2E2E-434D-AFD9-F9F9DF2F3D3E} = {22B9EF1D-4763-42B0-BE07-70250F9C3E6C}
		{E8A6A680-8323-474C-BB60-14902785DD73} = {22B9EF1D-4763-42B0-BE07-70250F9C3E6C}
		{66E9761D-0F92-4870-869E-888D1934CEDD} = {22B9EF1D-4763-42B0-BE07-70250F9C3E6C}
		{21F5C1A0-35DF-4A57-89D9-0645533B477D} = {E2B78C60-3E4C-4E44-8CBD-ABB25DB9C0B1}
		{063483CB-99FD-4AD0-9CB6-F81264697B9E} = {E2B78C60-3E4C-4E44-8CBD-ABB25DB9C0B1}
		{08746E8F-9D01-4A2A-ACCC-974702A40E7B} = {E2B78C60-3E4C-4E44-8CBD-ABB25DB9C0B1}
		{BABF2E73-18DB-4B10-A3E5-31791B5FA87E} = {E2B78C60-3E4C-4E44-8CBD-ABB25DB9C0B1}
	EndGlobalSection
	GlobalSection(ExtensibilityGlobals) = postSolution
		SolutionGuid = {1EEEB05E-FB84-47B0-97F1-9D72AF9D4098}
	EndGlobalSection
EndGlobal
