
Microsoft Visual Studio Solution File, Format Version 12.00
# Visual Studio Version 16
VisualStudioVersion = 16.0.29009.5
MinimumVisualStudioVersion = 10.0.40219.1
Project("{9A19103F-16F7-4668-BE54-9A1E7A4F7556}") = "ApplicationLayer", "ApplicationLayer\ApplicationLayer.csproj", "{65ACDB4C-8913-4A6A-941A-3C3D4CB32EFE}"
EndProject
Project("{9A19103F-16F7-4668-BE54-9A1E7A4F7556}") = "ApplicationLayerInterface", "ApplicationLayerInterface\ApplicationLayerInterface.csproj", "{DB1C9B86-F0E6-466F-8704-9DC7FB472082}"
EndProject
Project("{9A19103F-16F7-4668-BE54-9A1E7A4F7556}") = "RepositoryLayer", "RepositoryLayer\RepositoryLayer.csproj", "{33CC6BF2-7071-45FA-9D2C-4BF218C91664}"
EndProject
Project("{9A19103F-16F7-4668-BE54-9A1E7A4F7556}") = "RepositoryLayerInterface", "RepositoryLayerInterface\RepositoryLayerInterface.csproj", "{F227D33D-748E-44E0-98C9-3642745F727F}"
EndProject
Project("{9A19103F-16F7-4668-BE54-9A1E7A4F7556}") = "UnitTestDemo", "UnitTestDemo\UnitTestDemo.csproj", "{DBBE069E-88A3-441D-BB9C-4717F9F88606}"
EndProject
Project("{9A19103F-16F7-4668-BE54-9A1E7A4F7556}") = "UnitTestMoqNetCoreDemo", "UnitTestMoqNetCoreDemo\UnitTestMoqNetCoreDemo.csproj", "{8E563DC6-58F4-47A7-92D4-16C49C06E440}"
EndProject
Global
	GlobalSection(SolutionConfigurationPlatforms) = preSolution
		Debug|Any CPU = Debug|Any CPU
		Release|Any CPU = Release|Any CPU
	EndGlobalSection
	GlobalSection(ProjectConfigurationPlatforms) = postSolution
		{65ACDB4C-8913-4A6A-941A-3C3D4CB32EFE}.Debug|Any CPU.ActiveCfg = Debug|Any CPU
		{65ACDB4C-8913-4A6A-941A-3C3D4CB32EFE}.Debug|Any CPU.Build.0 = Debug|Any CPU
		{65ACDB4C-8913-4A6A-941A-3C3D4CB32EFE}.Release|Any CPU.ActiveCfg = Release|Any CPU
		{65ACDB4C-8913-4A6A-941A-3C3D4CB32EFE}.Release|Any CPU.Build.0 = Release|Any CPU
		{DB1C9B86-F0E6-466F-8704-9DC7FB472082}.Debug|Any CPU.ActiveCfg = Debug|Any CPU
		{DB1C9B86-F0E6-466F-8704-9DC7FB472082}.Debug|Any CPU.Build.0 = Debug|Any CPU
		{DB1C9B86-F0E6-466F-8704-9DC7FB472082}.Release|Any CPU.ActiveCfg = Release|Any CPU
		{DB1C9B86-F0E6-466F-8704-9DC7FB472082}.Release|Any CPU.Build.0 = Release|Any CPU
		{33CC6BF2-7071-45FA-9D2C-4BF218C91664}.Debug|Any CPU.ActiveCfg = Debug|Any CPU
		{33CC6BF2-7071-45FA-9D2C-4BF218C91664}.Debug|Any CPU.Build.0 = Debug|Any CPU
		{33CC6BF2-7071-45FA-9D2C-4BF218C91664}.Release|Any CPU.ActiveCfg = Release|Any CPU
		{33CC6BF2-7071-45FA-9D2C-4BF218C91664}.Release|Any CPU.Build.0 = Release|Any CPU
		{F227D33D-748E-44E0-98C9-3642745F727F}.Debug|Any CPU.ActiveCfg = Debug|Any CPU
		{F227D33D-748E-44E0-98C9-3642745F727F}.Debug|Any CPU.Build.0 = Debug|Any CPU
		{F227D33D-748E-44E0-98C9-3642745F727F}.Release|Any CPU.ActiveCfg = Release|Any CPU
		{F227D33D-748E-44E0-98C9-3642745F727F}.Release|Any CPU.Build.0 = Release|Any CPU
		{DBBE069E-88A3-441D-BB9C-4717F9F88606}.Debug|Any CPU.ActiveCfg = Debug|Any CPU
		{DBBE069E-88A3-441D-BB9C-4717F9F88606}.Debug|Any CPU.Build.0 = Debug|Any CPU
		{DBBE069E-88A3-441D-BB9C-4717F9F88606}.Release|Any CPU.ActiveCfg = Release|Any CPU
		{DBBE069E-88A3-441D-BB9C-4717F9F88606}.Release|Any CPU.Build.0 = Release|Any CPU
		{8E563DC6-58F4-47A7-92D4-16C49C06E440}.Debug|Any CPU.ActiveCfg = Debug|Any CPU
		{8E563DC6-58F4-47A7-92D4-16C49C06E440}.Debug|Any CPU.Build.0 = Debug|Any CPU
		{8E563DC6-58F4-47A7-92D4-16C49C06E440}.Release|Any CPU.ActiveCfg = Release|Any CPU
		{8E563DC6-58F4-47A7-92D4-16C49C06E440}.Release|Any CPU.Build.0 = Release|Any CPU
	EndGlobalSection
	GlobalSection(SolutionProperties) = preSolution
		HideSolutionNode = FALSE
	EndGlobalSection
	GlobalSection(ExtensibilityGlobals) = postSolution
		SolutionGuid = {7758614D-6CA5-415B-A846-F1BE968601F5}
	EndGlobalSection
EndGlobal
