
Microsoft Visual Studio Solution File, Format Version 12.00
# Visual Studio Version 16
VisualStudioVersion = 16.0.29209.152
MinimumVisualStudioVersion = 10.0.40219.1
Project("{FAE04EC0-301F-11D3-BF4B-00C04F79EFBC}") = "PatternMatchingSamples", "PatternMatchingSamples\PatternMatchingSamples.csproj", "{4AB3D2D0-D853-4C2F-82D4-86F99F83B71B}"
EndProject
Global
	GlobalSection(SolutionConfigurationPlatforms) = preSolution
		Debug|Any CPU = Debug|Any CPU
		Release|Any CPU = Release|Any CPU
	EndGlobalSection
	GlobalSection(ProjectConfigurationPlatforms) = postSolution
		{4AB3D2D0-D853-4C2F-82D4-86F99F83B71B}.Debug|Any CPU.ActiveCfg = Debug|Any CPU
		{4AB3D2D0-D853-4C2F-82D4-86F99F83B71B}.Debug|Any CPU.Build.0 = Debug|Any CPU
		{4AB3D2D0-D853-4C2F-82D4-86F99F83B71B}.Release|Any CPU.ActiveCfg = Release|Any CPU
		{4AB3D2D0-D853-4C2F-82D4-86F99F83B71B}.Release|Any CPU.Build.0 = Release|Any CPU
	EndGlobalSection
	GlobalSection(SolutionProperties) = preSolution
		HideSolutionNode = FALSE
	EndGlobalSection
	GlobalSection(ExtensibilityGlobals) = postSolution
		SolutionGuid = {DC1976C2-A682-49EF-A3A9-5B092BB23F5E}
	EndGlobalSection
EndGlobal
