
Microsoft Visual Studio Solution File, Format Version 12.00
# Visual Studio Version 16
VisualStudioVersion = 16.0.29209.152
MinimumVisualStudioVersion = 10.0.40219.1
Project("{FAE04EC0-301F-11D3-BF4B-00C04F79EFBC}") = "WpfSample", "WpfSample\WpfSample.csproj", "{242D171D-D743-484A-87C0-9E52B3B1D14D}"
EndProject
Global
	GlobalSection(SolutionConfigurationPlatforms) = preSolution
		Debug|Any CPU = Debug|Any CPU
		Release|Any CPU = Release|Any CPU
	EndGlobalSection
	GlobalSection(ProjectConfigurationPlatforms) = postSolution
		{242D171D-D743-484A-87C0-9E52B3B1D14D}.Debug|Any CPU.ActiveCfg = Debug|Any CPU
		{242D171D-D743-484A-87C0-9E52B3B1D14D}.Debug|Any CPU.Build.0 = Debug|Any CPU
		{242D171D-D743-484A-87C0-9E52B3B1D14D}.Release|Any CPU.ActiveCfg = Release|Any CPU
		{242D171D-D743-484A-87C0-9E52B3B1D14D}.Release|Any CPU.Build.0 = Release|Any CPU
	EndGlobalSection
	GlobalSection(SolutionProperties) = preSolution
		HideSolutionNode = FALSE
	EndGlobalSection
	GlobalSection(ExtensibilityGlobals) = postSolution
		SolutionGuid = {63F311CE-54F9-48E0-997B-6147B8CADE33}
	EndGlobalSection
EndGlobal
